
Microsoft Visual Studio Solution File, Format Version 12.00
# Visual Studio Version 17
VisualStudioVersion = 17.2.32314.265
MinimumVisualStudioVersion = 10.0.40219.1
Project("{FAE04EC0-301F-11D3-BF4B-00C04F79EFBC}") = "SuggestionAppUI", "SuggestionAppUI\SuggestionAppUI.csproj", "{DDD6DF2B-FE62-403E-AE9E-DF1536DCFAE5}"
EndProject
Project("{FAE04EC0-301F-11D3-BF4B-00C04F79EFBC}") = "SuggestionAppLibrary", "SuggestionAppLibrary\SuggestionAppLibrary.csproj", "{42C2357A-38F9-41C8-A68B-FF5E9E1D6EBE}"
EndProject
Project("{2150E333-8FDC-42A3-9474-1A3956D46DE8}") = "Solution Items", "Solution Items", "{E3F15738-5815-4959-99C4-107E5443F7D5}"
	ProjectSection(SolutionItems) = preProject
		.editorconfig = .editorconfig
	EndProjectSection
EndProject
Global
	GlobalSection(SolutionConfigurationPlatforms) = preSolution
		Debug|Any CPU = Debug|Any CPU
		Release|Any CPU = Release|Any CPU
	EndGlobalSection
	GlobalSection(ProjectConfigurationPlatforms) = postSolution
		{DDD6DF2B-FE62-403E-AE9E-DF1536DCFAE5}.Debug|Any CPU.ActiveCfg = Debug|Any CPU
		{DDD6DF2B-FE62-403E-AE9E-DF1536DCFAE5}.Debug|Any CPU.Build.0 = Debug|Any CPU
		{DDD6DF2B-FE62-403E-AE9E-DF1536DCFAE5}.Release|Any CPU.ActiveCfg = Release|Any CPU
		{DDD6DF2B-FE62-403E-AE9E-DF1536DCFAE5}.Release|Any CPU.Build.0 = Release|Any CPU
		{42C2357A-38F9-41C8-A68B-FF5E9E1D6EBE}.Debug|Any CPU.ActiveCfg = Debug|Any CPU
		{42C2357A-38F9-41C8-A68B-FF5E9E1D6EBE}.Debug|Any CPU.Build.0 = Debug|Any CPU
		{42C2357A-38F9-41C8-A68B-FF5E9E1D6EBE}.Release|Any CPU.ActiveCfg = Release|Any CPU
		{42C2357A-38F9-41C8-A68B-FF5E9E1D6EBE}.Release|Any CPU.Build.0 = Release|Any CPU
	EndGlobalSection
	GlobalSection(SolutionProperties) = preSolution
		HideSolutionNode = FALSE
	EndGlobalSection
	GlobalSection(ExtensibilityGlobals) = postSolution
		SolutionGuid = {D642DA2B-C4A3-4CFD-84C8-8E76151CAB94}
	EndGlobalSection
EndGlobal
